
Microsoft Visual Studio Solution File, Format Version 12.00
# Visual Studio Version 17
VisualStudioVersion = 17.4.33122.133
MinimumVisualStudioVersion = 10.0.40219.1
Project("{FAE04EC0-301F-11D3-BF4B-00C04F79EFBC}") = "Grupp2Parking", "Grupp2Parking\Grupp2Parking.csproj", "{064278F0-7DE5-4639-B0AB-67FB9CB937ED}"
EndProject
Global
	GlobalSection(SolutionConfigurationPlatforms) = preSolution
		Debug|Any CPU = Debug|Any CPU
		Release|Any CPU = Release|Any CPU
	EndGlobalSection
	GlobalSection(ProjectConfigurationPlatforms) = postSolution
		{064278F0-7DE5-4639-B0AB-67FB9CB937ED}.Debug|Any CPU.ActiveCfg = Debug|Any CPU
		{064278F0-7DE5-4639-B0AB-67FB9CB937ED}.Debug|Any CPU.Build.0 = Debug|Any CPU
		{064278F0-7DE5-4639-B0AB-67FB9CB937ED}.Release|Any CPU.ActiveCfg = Release|Any CPU
		{064278F0-7DE5-4639-B0AB-67FB9CB937ED}.Release|Any CPU.Build.0 = Release|Any CPU
	EndGlobalSection
	GlobalSection(SolutionProperties) = preSolution
		HideSolutionNode = FALSE
	EndGlobalSection
	GlobalSection(ExtensibilityGlobals) = postSolution
		SolutionGuid = {B03B897C-FED8-49D6-ACAC-5DFC61495A34}
	EndGlobalSection
EndGlobal
